
Microsoft Visual Studio Solution File, Format Version 12.00
# Visual Studio Version 17
VisualStudioVersion = 17.14.37012.4 d17.14
MinimumVisualStudioVersion = 10.0.40219.1
Project("{FAE04EC0-301F-11D3-BF4B-00C04F79EFBC}") = "LinQ-Task2", "LinQ-Task2\LinQ-Task2.csproj", "{504269F7-8FEF-4646-A010-F12EDABA0367}"
EndProject
Global
	GlobalSection(SolutionConfigurationPlatforms) = preSolution
		Debug|Any CPU = Debug|Any CPU
		Release|Any CPU = Release|Any CPU
	EndGlobalSection
	GlobalSection(ProjectConfigurationPlatforms) = postSolution
		{504269F7-8FEF-4646-A010-F12EDABA0367}.Debug|Any CPU.ActiveCfg = Debug|Any CPU
		{504269F7-8FEF-4646-A010-F12EDABA0367}.Debug|Any CPU.Build.0 = Debug|Any CPU
		{504269F7-8FEF-4646-A010-F12EDABA0367}.Release|Any CPU.ActiveCfg = Release|Any CPU
		{504269F7-8FEF-4646-A010-F12EDABA0367}.Release|Any CPU.Build.0 = Release|Any CPU
	EndGlobalSection
	GlobalSection(SolutionProperties) = preSolution
		HideSolutionNode = FALSE
	EndGlobalSection
	GlobalSection(ExtensibilityGlobals) = postSolution
		SolutionGuid = {7863FA4A-821B-4B32-8357-848779324B2E}
	EndGlobalSection
EndGlobal
